
Microsoft Visual Studio Solution File, Format Version 12.00
# Visual Studio Version 16
VisualStudioVersion = 16.0.29102.190
MinimumVisualStudioVersion = 10.0.40219.1
Project("{FAE04EC0-301F-11D3-BF4B-00C04F79EFBC}") = "shacklegear", "shacklegear.csproj", "{F8EC9353-897A-46BF-847C-8CB9FCDDB2E0}"
EndProject
Global
	GlobalSection(SolutionConfigurationPlatforms) = preSolution
		Debug|Any CPU = Debug|Any CPU
		Release|Any CPU = Release|Any CPU
	EndGlobalSection
	GlobalSection(ProjectConfigurationPlatforms) = postSolution
		{F8EC9353-897A-46BF-847C-8CB9FCDDB2E0}.Debug|Any CPU.ActiveCfg = Debug|Any CPU
		{F8EC9353-897A-46BF-847C-8CB9FCDDB2E0}.Debug|Any CPU.Build.0 = Debug|Any CPU
		{F8EC9353-897A-46BF-847C-8CB9FCDDB2E0}.Release|Any CPU.ActiveCfg = Release|Any CPU
		{F8EC9353-897A-46BF-847C-8CB9FCDDB2E0}.Release|Any CPU.Build.0 = Release|Any CPU
	EndGlobalSection
	GlobalSection(SolutionProperties) = preSolution
		HideSolutionNode = FALSE
	EndGlobalSection
	GlobalSection(ExtensibilityGlobals) = postSolution
		SolutionGuid = {7A74668C-773A-4721-9B5E-BBB1168A234D}
	EndGlobalSection
EndGlobal
